
Microsoft Visual Studio Solution File, Format Version 12.00
# Visual Studio Version 17
VisualStudioVersion = 17.13.35931.197
MinimumVisualStudioVersion = 10.0.40219.1
Project("{FAE04EC0-301F-11D3-BF4B-00C04F79EFBC}") = "FacebookiOSBindings", "FacebookiOSBindings\FacebookiOSBindings.csproj", "{94DECFBA-6303-4938-86FC-805D0C0109CD}"
EndProject
Global
	GlobalSection(SolutionConfigurationPlatforms) = preSolution
		Debug|Any CPU = Debug|Any CPU
		Release|Any CPU = Release|Any CPU
	EndGlobalSection
	GlobalSection(ProjectConfigurationPlatforms) = postSolution
		{94DECFBA-6303-4938-86FC-805D0C0109CD}.Debug|Any CPU.ActiveCfg = Debug|Any CPU
		{94DECFBA-6303-4938-86FC-805D0C0109CD}.Debug|Any CPU.Build.0 = Debug|Any CPU
		{94DECFBA-6303-4938-86FC-805D0C0109CD}.Release|Any CPU.ActiveCfg = Release|Any CPU
		{94DECFBA-6303-4938-86FC-805D0C0109CD}.Release|Any CPU.Build.0 = Release|Any CPU
	EndGlobalSection
	GlobalSection(SolutionProperties) = preSolution
		HideSolutionNode = FALSE
	EndGlobalSection
	GlobalSection(ExtensibilityGlobals) = postSolution
		SolutionGuid = {8A44F8F9-FAF5-4447-AD7A-B069D93DAAA0}
	EndGlobalSection
EndGlobal
